
Microsoft Visual Studio Solution File, Format Version 12.00
# 
Project("{2150E333-8FDC-42A3-9474-1A3956D46DE8}") = "common", "common", "{3DB12F6C-143E-4086-BCB2-2EC3461BC353}"
	ProjectSection(SolutionItems) = preProject
		Directory.Packages.props = Directory.Packages.props
		Directory.Build.props = Directory.Build.props
		.gitignore = .gitignore
		.editorconfig = .editorconfig
	EndProjectSection
EndProject
Project("{2150E333-8FDC-42A3-9474-1A3956D46DE8}") = "ATM", "ATM", "{75FD911A-DE6F-4D78-8282-3CD4CBA96C26}"
EndProject
Project("{2150E333-8FDC-42A3-9474-1A3956D46DE8}") = "Application", "Application", "{D6312392-132E-4DE6-A8CD-F9D68BB21B8A}"
EndProject
Project("{FAE04EC0-301F-11D3-BF4B-00C04F79EFBC}") = "ATM.Application.Abstractions", "ATM.Application.Abstractions\ATM.Application.Abstractions.csproj", "{85A4E020-15BB-4EE5-83E0-4B47EDD569F5}"
EndProject
Project("{FAE04EC0-301F-11D3-BF4B-00C04F79EFBC}") = "ATM.Application.Models", "ATM.Application.Models\ATM.Application.Models.csproj", "{234C1F91-66DE-4312-A940-FE10795B6255}"
EndProject
Project("{FAE04EC0-301F-11D3-BF4B-00C04F79EFBC}") = "ATM.Application.Contracts", "ATM.Application.Contracts\ATM.Application.Contracts.csproj", "{E08EDD97-7938-46A0-96B3-045544F9DB74}"
EndProject
Project("{FAE04EC0-301F-11D3-BF4B-00C04F79EFBC}") = "ATM.Application", "ATM.Application\ATM.Application.csproj", "{808E2C42-B067-4C03-9AB2-5EC72BD2F22F}"
EndProject
Project("{2150E333-8FDC-42A3-9474-1A3956D46DE8}") = "Infostructure", "Infostructure", "{E0E6394D-1BC7-49AB-953E-4E43D75F2A69}"
EndProject
Project("{FAE04EC0-301F-11D3-BF4B-00C04F79EFBC}") = "ATM.Infrastructure.DataAccess", "ATM.Infrastructure.DataAccess\ATM.Infrastructure.DataAccess.csproj", "{AED28893-9527-4BD3-82C3-162C1EA89646}"
EndProject
Project("{2150E333-8FDC-42A3-9474-1A3956D46DE8}") = "Presentation", "Presentation", "{A9F3CE2A-9E60-463C-980C-95B147CAA71F}"
EndProject
Project("{FAE04EC0-301F-11D3-BF4B-00C04F79EFBC}") = "ATM.Presentation.Console", "ATM.Presentation.Console\ATM.Presentation.Console.csproj", "{B692B46D-0E68-46E9-B4DA-8AE5CC10D1DA}"
EndProject
Project("{FAE04EC0-301F-11D3-BF4B-00C04F79EFBC}") = "ATMSystem", "ATMSystem\ATMSystem.csproj", "{D326BD77-76A6-47E8-8123-4579544DB765}"
EndProject
Project("{2150E333-8FDC-42A3-9474-1A3956D46DE8}") = "tests", "tests", "{67BBF7AB-D389-4B51-B57F-53EBE47FB564}"
EndProject
Project("{FAE04EC0-301F-11D3-BF4B-00C04F79EFBC}") = "ATM.Tests", "ATM.Tests\ATM.Tests.csproj", "{7E1D6474-EEBF-476B-823A-924B3E1B8440}"
EndProject
Project("{FAE04EC0-301F-11D3-BF4B-00C04F79EFBC}") = "ATM.Presentation.WebAPI", "ATM.Presentation.WebAPI\ATM.Presentation.WebAPI.csproj", "{EC35F842-0CD1-40B1-B367-39B89E7F2B16}"
EndProject
Global
	GlobalSection(SolutionConfigurationPlatforms) = preSolution
		Debug|Any CPU = Debug|Any CPU
		Release|Any CPU = Release|Any CPU
	EndGlobalSection
	GlobalSection(NestedProjects) = preSolution
		{D6312392-132E-4DE6-A8CD-F9D68BB21B8A} = {75FD911A-DE6F-4D78-8282-3CD4CBA96C26}
		{85A4E020-15BB-4EE5-83E0-4B47EDD569F5} = {D6312392-132E-4DE6-A8CD-F9D68BB21B8A}
		{234C1F91-66DE-4312-A940-FE10795B6255} = {D6312392-132E-4DE6-A8CD-F9D68BB21B8A}
		{E08EDD97-7938-46A0-96B3-045544F9DB74} = {D6312392-132E-4DE6-A8CD-F9D68BB21B8A}
		{808E2C42-B067-4C03-9AB2-5EC72BD2F22F} = {D6312392-132E-4DE6-A8CD-F9D68BB21B8A}
		{E0E6394D-1BC7-49AB-953E-4E43D75F2A69} = {75FD911A-DE6F-4D78-8282-3CD4CBA96C26}
		{AED28893-9527-4BD3-82C3-162C1EA89646} = {E0E6394D-1BC7-49AB-953E-4E43D75F2A69}
		{A9F3CE2A-9E60-463C-980C-95B147CAA71F} = {75FD911A-DE6F-4D78-8282-3CD4CBA96C26}
		{B692B46D-0E68-46E9-B4DA-8AE5CC10D1DA} = {A9F3CE2A-9E60-463C-980C-95B147CAA71F}
		{D326BD77-76A6-47E8-8123-4579544DB765} = {75FD911A-DE6F-4D78-8282-3CD4CBA96C26}
		{67BBF7AB-D389-4B51-B57F-53EBE47FB564} = {75FD911A-DE6F-4D78-8282-3CD4CBA96C26}
		{7E1D6474-EEBF-476B-823A-924B3E1B8440} = {67BBF7AB-D389-4B51-B57F-53EBE47FB564}
	EndGlobalSection
	GlobalSection(ProjectConfigurationPlatforms) = postSolution
		{85A4E020-15BB-4EE5-83E0-4B47EDD569F5}.Debug|Any CPU.ActiveCfg = Debug|Any CPU
		{85A4E020-15BB-4EE5-83E0-4B47EDD569F5}.Debug|Any CPU.Build.0 = Debug|Any CPU
		{85A4E020-15BB-4EE5-83E0-4B47EDD569F5}.Release|Any CPU.ActiveCfg = Release|Any CPU
		{85A4E020-15BB-4EE5-83E0-4B47EDD569F5}.Release|Any CPU.Build.0 = Release|Any CPU
		{234C1F91-66DE-4312-A940-FE10795B6255}.Debug|Any CPU.ActiveCfg = Debug|Any CPU
		{234C1F91-66DE-4312-A940-FE10795B6255}.Debug|Any CPU.Build.0 = Debug|Any CPU
		{234C1F91-66DE-4312-A940-FE10795B6255}.Release|Any CPU.ActiveCfg = Release|Any CPU
		{234C1F91-66DE-4312-A940-FE10795B6255}.Release|Any CPU.Build.0 = Release|Any CPU
		{E08EDD97-7938-46A0-96B3-045544F9DB74}.Debug|Any CPU.ActiveCfg = Debug|Any CPU
		{E08EDD97-7938-46A0-96B3-045544F9DB74}.Debug|Any CPU.Build.0 = Debug|Any CPU
		{E08EDD97-7938-46A0-96B3-045544F9DB74}.Release|Any CPU.ActiveCfg = Release|Any CPU
		{E08EDD97-7938-46A0-96B3-045544F9DB74}.Release|Any CPU.Build.0 = Release|Any CPU
		{808E2C42-B067-4C03-9AB2-5EC72BD2F22F}.Debug|Any CPU.ActiveCfg = Debug|Any CPU
		{808E2C42-B067-4C03-9AB2-5EC72BD2F22F}.Debug|Any CPU.Build.0 = Debug|Any CPU
		{808E2C42-B067-4C03-9AB2-5EC72BD2F22F}.Release|Any CPU.ActiveCfg = Release|Any CPU
		{808E2C42-B067-4C03-9AB2-5EC72BD2F22F}.Release|Any CPU.Build.0 = Release|Any CPU
		{AED28893-9527-4BD3-82C3-162C1EA89646}.Debug|Any CPU.ActiveCfg = Debug|Any CPU
		{AED28893-9527-4BD3-82C3-162C1EA89646}.Debug|Any CPU.Build.0 = Debug|Any CPU
		{AED28893-9527-4BD3-82C3-162C1EA89646}.Release|Any CPU.ActiveCfg = Release|Any CPU
		{AED28893-9527-4BD3-82C3-162C1EA89646}.Release|Any CPU.Build.0 = Release|Any CPU
		{B692B46D-0E68-46E9-B4DA-8AE5CC10D1DA}.Debug|Any CPU.ActiveCfg = Debug|Any CPU
		{B692B46D-0E68-46E9-B4DA-8AE5CC10D1DA}.Debug|Any CPU.Build.0 = Debug|Any CPU
		{B692B46D-0E68-46E9-B4DA-8AE5CC10D1DA}.Release|Any CPU.ActiveCfg = Release|Any CPU
		{B692B46D-0E68-46E9-B4DA-8AE5CC10D1DA}.Release|Any CPU.Build.0 = Release|Any CPU
		{D326BD77-76A6-47E8-8123-4579544DB765}.Debug|Any CPU.ActiveCfg = Debug|Any CPU
		{D326BD77-76A6-47E8-8123-4579544DB765}.Debug|Any CPU.Build.0 = Debug|Any CPU
		{D326BD77-76A6-47E8-8123-4579544DB765}.Release|Any CPU.ActiveCfg = Release|Any CPU
		{D326BD77-76A6-47E8-8123-4579544DB765}.Release|Any CPU.Build.0 = Release|Any CPU
		{7E1D6474-EEBF-476B-823A-924B3E1B8440}.Debug|Any CPU.ActiveCfg = Debug|Any CPU
		{7E1D6474-EEBF-476B-823A-924B3E1B8440}.Debug|Any CPU.Build.0 = Debug|Any CPU
		{7E1D6474-EEBF-476B-823A-924B3E1B8440}.Release|Any CPU.ActiveCfg = Release|Any CPU
		{7E1D6474-EEBF-476B-823A-924B3E1B8440}.Release|Any CPU.Build.0 = Release|Any CPU
		{EC35F842-0CD1-40B1-B367-39B89E7F2B16}.Debug|Any CPU.ActiveCfg = Debug|Any CPU
		{EC35F842-0CD1-40B1-B367-39B89E7F2B16}.Debug|Any CPU.Build.0 = Debug|Any CPU
		{EC35F842-0CD1-40B1-B367-39B89E7F2B16}.Release|Any CPU.ActiveCfg = Release|Any CPU
		{EC35F842-0CD1-40B1-B367-39B89E7F2B16}.Release|Any CPU.Build.0 = Release|Any CPU
	EndGlobalSection
EndGlobal
